
Microsoft Visual Studio Solution File, Format Version 12.00
# Visual Studio Version 17
VisualStudioVersion = 17.5.002.0
MinimumVisualStudioVersion = 10.0.40219.1
Project("{2150E333-8FDC-42A3-9474-1A3956D46DE8}") = "sandbox", "sandbox", "{BBE336BE-F971-442A-81BB-8F9427A94FBB}"
EndProject
Project("{9A19103F-16F7-4668-BE54-9A1E7A4F7556}") = "sandbox_project", "sandbox\sandbox_project\sandbox_project.csproj", "{7D31B35D-CB44-4F11-B335-1682474D32FE}"
EndProject
Project("{2150E333-8FDC-42A3-9474-1A3956D46DE8}") = "week01", "week01", "{3EE4696B-70B2-45AB-9B72-D6A79E70D1D8}"
EndProject
Project("{9A19103F-16F7-4668-BE54-9A1E7A4F7556}") = "analyze", "week01\analyze\analyze.csproj", "{EA9AEA99-0136-419A-A564-9DC6FE86BE9E}"
EndProject
Project("{9A19103F-16F7-4668-BE54-9A1E7A4F7556}") = "code", "week01\code\code.csproj", "{5C7DD826-8F98-4EEB-95F1-DEA748BF4981}"
EndProject
Project("{9A19103F-16F7-4668-BE54-9A1E7A4F7556}") = "teach", "week01\teach\teach.csproj", "{158ADF52-0E9D-4287-8D5B-CB37F1799B85}"
EndProject
Project("{2150E333-8FDC-42A3-9474-1A3956D46DE8}") = "week02", "week02", "{6108F6FE-84AD-4024-8256-05D45E760EE4}"
EndProject
Project("{9A19103F-16F7-4668-BE54-9A1E7A4F7556}") = "analyze", "week02\analyze\analyze.csproj", "{C7974E0D-1E51-43C0-A0F9-8E39D3FBF485}"
EndProject
Project("{9A19103F-16F7-4668-BE54-9A1E7A4F7556}") = "code", "week02\code\code.csproj", "{43C5523D-ABE2-4753-A0E8-DEBEC418BCA8}"
EndProject
Project("{9A19103F-16F7-4668-BE54-9A1E7A4F7556}") = "learn", "week02\learn\learn.csproj", "{FBD2DBAB-FCD4-4455-B392-D8F46B7EEBF1}"
EndProject
Project("{9A19103F-16F7-4668-BE54-9A1E7A4F7556}") = "teach", "week02\teach\teach.csproj", "{5F639910-65D5-494F-A35D-86F9A01CEDB3}"
EndProject
Project("{2150E333-8FDC-42A3-9474-1A3956D46DE8}") = "week03", "week03", "{69895401-67E6-4950-B184-882FFBF69F93}"
EndProject
Project("{9A19103F-16F7-4668-BE54-9A1E7A4F7556}") = "code", "week03\code\code.csproj", "{253BE5DA-9FE1-4E22-AA38-2045F414B7A9}"
EndProject
Project("{9A19103F-16F7-4668-BE54-9A1E7A4F7556}") = "learn", "week03\learn\learn.csproj", "{EEB95E90-7F20-41B5-9116-D51A0BA2E0AA}"
EndProject
Project("{9A19103F-16F7-4668-BE54-9A1E7A4F7556}") = "teach", "week03\teach\teach.csproj", "{61E1DBDB-0D2F-4806-8B98-07F214CD5158}"
EndProject
Project("{2150E333-8FDC-42A3-9474-1A3956D46DE8}") = "week04", "week04", "{0C1E8944-DD2D-4591-835B-3301C847DFED}"
EndProject
Project("{9A19103F-16F7-4668-BE54-9A1E7A4F7556}") = "code", "week04\code\code.csproj", "{77D56386-365C-43C7-B98C-329874B189C4}"
EndProject
Project("{2150E333-8FDC-42A3-9474-1A3956D46DE8}") = "week05", "week05", "{137FDB15-B87C-485B-BFFC-D0B7178B7444}"
EndProject
Project("{9A19103F-16F7-4668-BE54-9A1E7A4F7556}") = "code", "week05\code\code.csproj", "{32F7AD03-577A-458C-8542-758F386EEECE}"
EndProject
Project("{2150E333-8FDC-42A3-9474-1A3956D46DE8}") = "week06", "week06", "{F2AF9BE1-8201-44D5-B03A-CE4CBD7C227F}"
EndProject
Project("{9A19103F-16F7-4668-BE54-9A1E7A4F7556}") = "code", "week06\code\code.csproj", "{B79D3F1B-E082-476B-8F62-56201401BA6B}"
EndProject
Global
	GlobalSection(SolutionConfigurationPlatforms) = preSolution
		Debug|Any CPU = Debug|Any CPU
		Release|Any CPU = Release|Any CPU
	EndGlobalSection
	GlobalSection(ProjectConfigurationPlatforms) = postSolution
		{7D31B35D-CB44-4F11-B335-1682474D32FE}.Debug|Any CPU.ActiveCfg = Debug|Any CPU
		{7D31B35D-CB44-4F11-B335-1682474D32FE}.Debug|Any CPU.Build.0 = Debug|Any CPU
		{7D31B35D-CB44-4F11-B335-1682474D32FE}.Release|Any CPU.ActiveCfg = Release|Any CPU
		{7D31B35D-CB44-4F11-B335-1682474D32FE}.Release|Any CPU.Build.0 = Release|Any CPU
		{EA9AEA99-0136-419A-A564-9DC6FE86BE9E}.Debug|Any CPU.ActiveCfg = Debug|Any CPU
		{EA9AEA99-0136-419A-A564-9DC6FE86BE9E}.Debug|Any CPU.Build.0 = Debug|Any CPU
		{EA9AEA99-0136-419A-A564-9DC6FE86BE9E}.Release|Any CPU.ActiveCfg = Release|Any CPU
		{EA9AEA99-0136-419A-A564-9DC6FE86BE9E}.Release|Any CPU.Build.0 = Release|Any CPU
		{5C7DD826-8F98-4EEB-95F1-DEA748BF4981}.Debug|Any CPU.ActiveCfg = Debug|Any CPU
		{5C7DD826-8F98-4EEB-95F1-DEA748BF4981}.Debug|Any CPU.Build.0 = Debug|Any CPU
		{5C7DD826-8F98-4EEB-95F1-DEA748BF4981}.Release|Any CPU.ActiveCfg = Release|Any CPU
		{5C7DD826-8F98-4EEB-95F1-DEA748BF4981}.Release|Any CPU.Build.0 = Release|Any CPU
		{158ADF52-0E9D-4287-8D5B-CB37F1799B85}.Debug|Any CPU.ActiveCfg = Debug|Any CPU
		{158ADF52-0E9D-4287-8D5B-CB37F1799B85}.Debug|Any CPU.Build.0 = Debug|Any CPU
		{158ADF52-0E9D-4287-8D5B-CB37F1799B85}.Release|Any CPU.ActiveCfg = Release|Any CPU
		{158ADF52-0E9D-4287-8D5B-CB37F1799B85}.Release|Any CPU.Build.0 = Release|Any CPU
		{C7974E0D-1E51-43C0-A0F9-8E39D3FBF485}.Debug|Any CPU.ActiveCfg = Debug|Any CPU
		{C7974E0D-1E51-43C0-A0F9-8E39D3FBF485}.Debug|Any CPU.Build.0 = Debug|Any CPU
		{C7974E0D-1E51-43C0-A0F9-8E39D3FBF485}.Release|Any CPU.ActiveCfg = Release|Any CPU
		{C7974E0D-1E51-43C0-A0F9-8E39D3FBF485}.Release|Any CPU.Build.0 = Release|Any CPU
		{43C5523D-ABE2-4753-A0E8-DEBEC418BCA8}.Debug|Any CPU.ActiveCfg = Debug|Any CPU
		{43C5523D-ABE2-4753-A0E8-DEBEC418BCA8}.Debug|Any CPU.Build.0 = Debug|Any CPU
		{43C5523D-ABE2-4753-A0E8-DEBEC418BCA8}.Release|Any CPU.ActiveCfg = Release|Any CPU
		{43C5523D-ABE2-4753-A0E8-DEBEC418BCA8}.Release|Any CPU.Build.0 = Release|Any CPU
		{FBD2DBAB-FCD4-4455-B392-D8F46B7EEBF1}.Debug|Any CPU.ActiveCfg = Debug|Any CPU
		{FBD2DBAB-FCD4-4455-B392-D8F46B7EEBF1}.Debug|Any CPU.Build.0 = Debug|Any CPU
		{FBD2DBAB-FCD4-4455-B392-D8F46B7EEBF1}.Release|Any CPU.ActiveCfg = Release|Any CPU
		{FBD2DBAB-FCD4-4455-B392-D8F46B7EEBF1}.Release|Any CPU.Build.0 = Release|Any CPU
		{5F639910-65D5-494F-A35D-86F9A01CEDB3}.Debug|Any CPU.ActiveCfg = Debug|Any CPU
		{5F639910-65D5-494F-A35D-86F9A01CEDB3}.Debug|Any CPU.Build.0 = Debug|Any CPU
		{5F639910-65D5-494F-A35D-86F9A01CEDB3}.Release|Any CPU.ActiveCfg = Release|Any CPU
		{5F639910-65D5-494F-A35D-86F9A01CEDB3}.Release|Any CPU.Build.0 = Release|Any CPU
		{253BE5DA-9FE1-4E22-AA38-2045F414B7A9}.Debug|Any CPU.ActiveCfg = Debug|Any CPU
		{253BE5DA-9FE1-4E22-AA38-2045F414B7A9}.Debug|Any CPU.Build.0 = Debug|Any CPU
		{253BE5DA-9FE1-4E22-AA38-2045F414B7A9}.Release|Any CPU.ActiveCfg = Release|Any CPU
		{253BE5DA-9FE1-4E22-AA38-2045F414B7A9}.Release|Any CPU.Build.0 = Release|Any CPU
		{EEB95E90-7F20-41B5-9116-D51A0BA2E0AA}.Debug|Any CPU.ActiveCfg = Debug|Any CPU
		{EEB95E90-7F20-41B5-9116-D51A0BA2E0AA}.Debug|Any CPU.Build.0 = Debug|Any CPU
		{EEB95E90-7F20-41B5-9116-D51A0BA2E0AA}.Release|Any CPU.ActiveCfg = Release|Any CPU
		{EEB95E90-7F20-41B5-9116-D51A0BA2E0AA}.Release|Any CPU.Build.0 = Release|Any CPU
		{61E1DBDB-0D2F-4806-8B98-07F214CD5158}.Debug|Any CPU.ActiveCfg = Debug|Any CPU
		{61E1DBDB-0D2F-4806-8B98-07F214CD5158}.Debug|Any CPU.Build.0 = Debug|Any CPU
		{61E1DBDB-0D2F-4806-8B98-07F214CD5158}.Release|Any CPU.ActiveCfg = Release|Any CPU
		{61E1DBDB-0D2F-4806-8B98-07F214CD5158}.Release|Any CPU.Build.0 = Release|Any CPU
		{77D56386-365C-43C7-B98C-329874B189C4}.Debug|Any CPU.ActiveCfg = Debug|Any CPU
		{77D56386-365C-43C7-B98C-329874B189C4}.Debug|Any CPU.Build.0 = Debug|Any CPU
		{77D56386-365C-43C7-B98C-329874B189C4}.Release|Any CPU.ActiveCfg = Release|Any CPU
		{77D56386-365C-43C7-B98C-329874B189C4}.Release|Any CPU.Build.0 = Release|Any CPU
		{32F7AD03-577A-458C-8542-758F386EEECE}.Debug|Any CPU.ActiveCfg = Debug|Any CPU
		{32F7AD03-577A-458C-8542-758F386EEECE}.Debug|Any CPU.Build.0 = Debug|Any CPU
		{32F7AD03-577A-458C-8542-758F386EEECE}.Release|Any CPU.ActiveCfg = Release|Any CPU
		{32F7AD03-577A-458C-8542-758F386EEECE}.Release|Any CPU.Build.0 = Release|Any CPU
		{B79D3F1B-E082-476B-8F62-56201401BA6B}.Debug|Any CPU.ActiveCfg = Debug|Any CPU
		{B79D3F1B-E082-476B-8F62-56201401BA6B}.Debug|Any CPU.Build.0 = Debug|Any CPU
		{B79D3F1B-E082-476B-8F62-56201401BA6B}.Release|Any CPU.ActiveCfg = Release|Any CPU
		{B79D3F1B-E082-476B-8F62-56201401BA6B}.Release|Any CPU.Build.0 = Release|Any CPU
	EndGlobalSection
	GlobalSection(SolutionProperties) = preSolution
		HideSolutionNode = FALSE
	EndGlobalSection
	GlobalSection(NestedProjects) = preSolution
		{7D31B35D-CB44-4F11-B335-1682474D32FE} = {BBE336BE-F971-442A-81BB-8F9427A94FBB}
		{EA9AEA99-0136-419A-A564-9DC6FE86BE9E} = {3EE4696B-70B2-45AB-9B72-D6A79E70D1D8}
		{5C7DD826-8F98-4EEB-95F1-DEA748BF4981} = {3EE4696B-70B2-45AB-9B72-D6A79E70D1D8}
		{158ADF52-0E9D-4287-8D5B-CB37F1799B85} = {3EE4696B-70B2-45AB-9B72-D6A79E70D1D8}
		{C7974E0D-1E51-43C0-A0F9-8E39D3FBF485} = {6108F6FE-84AD-4024-8256-05D45E760EE4}
		{43C5523D-ABE2-4753-A0E8-DEBEC418BCA8} = {6108F6FE-84AD-4024-8256-05D45E760EE4}
		{FBD2DBAB-FCD4-4455-B392-D8F46B7EEBF1} = {6108F6FE-84AD-4024-8256-05D45E760EE4}
		{5F639910-65D5-494F-A35D-86F9A01CEDB3} = {6108F6FE-84AD-4024-8256-05D45E760EE4}
		{253BE5DA-9FE1-4E22-AA38-2045F414B7A9} = {69895401-67E6-4950-B184-882FFBF69F93}
		{EEB95E90-7F20-41B5-9116-D51A0BA2E0AA} = {69895401-67E6-4950-B184-882FFBF69F93}
		{61E1DBDB-0D2F-4806-8B98-07F214CD5158} = {69895401-67E6-4950-B184-882FFBF69F93}
		{77D56386-365C-43C7-B98C-329874B189C4} = {0C1E8944-DD2D-4591-835B-3301C847DFED}
		{32F7AD03-577A-458C-8542-758F386EEECE} = {137FDB15-B87C-485B-BFFC-D0B7178B7444}
		{B79D3F1B-E082-476B-8F62-56201401BA6B} = {F2AF9BE1-8201-44D5-B03A-CE4CBD7C227F}
	EndGlobalSection
	GlobalSection(ExtensibilityGlobals) = postSolution
		SolutionGuid = {ACD19FD6-EA4B-46B5-A80B-EB42DF2A6F48}
	EndGlobalSection
EndGlobal
